
Microsoft Visual Studio Solution File, Format Version 12.00
# Visual Studio 2013
VisualStudioVersion = 12.0.40629.0
MinimumVisualStudioVersion = 10.0.40219.1
Project("{8BC9CEB8-8B4A-11D0-8D11-00A0C91BC942}") = "NetFxMockProfiler", "NetFxMockProfiler\NetFxMockProfiler.vcxproj", "{67FEB6F0-E173-4FB3-8BEF-6EBA9C2434AE}"
EndProject
Project("{8BC9CEB8-8B4A-11D0-8D11-00A0C91BC942}") = "NetFxMockProfilerPS", "NetFxMockProfiler\NetFxMockProfilerPS.vcxproj", "{578D8C16-25E2-43DE-A37A-C6A8DACA4587}"
	ProjectSection(ProjectDependencies) = postProject
		{67FEB6F0-E173-4FB3-8BEF-6EBA9C2434AE} = {67FEB6F0-E173-4FB3-8BEF-6EBA9C2434AE}
	EndProjectSection
EndProject
Global
	GlobalSection(SolutionConfigurationPlatforms) = preSolution
		Debug|Win32 = Debug|Win32
		Release|Win32 = Release|Win32
	EndGlobalSection
	GlobalSection(ProjectConfigurationPlatforms) = postSolution
		{67FEB6F0-E173-4FB3-8BEF-6EBA9C2434AE}.Debug|Win32.ActiveCfg = Debug|Win32
		{67FEB6F0-E173-4FB3-8BEF-6EBA9C2434AE}.Debug|Win32.Build.0 = Debug|Win32
		{67FEB6F0-E173-4FB3-8BEF-6EBA9C2434AE}.Release|Win32.ActiveCfg = Release|Win32
		{67FEB6F0-E173-4FB3-8BEF-6EBA9C2434AE}.Release|Win32.Build.0 = Release|Win32
		{578D8C16-25E2-43DE-A37A-C6A8DACA4587}.Debug|Win32.ActiveCfg = Debug|Win32
		{578D8C16-25E2-43DE-A37A-C6A8DACA4587}.Release|Win32.ActiveCfg = Release|Win32
	EndGlobalSection
	GlobalSection(SolutionProperties) = preSolution
		HideSolutionNode = FALSE
	EndGlobalSection
EndGlobal
