
Microsoft Visual Studio Solution File, Format Version 12.00
# Visual Studio 2013
VisualStudioVersion = 12.0.40629.0
MinimumVisualStudioVersion = 10.0.40219.1
Project("{FAE04EC0-301F-11D3-BF4B-00C04F79EFBC}") = "NetFxMock.Test", "NetFxMock.Test\NetFxMock.Test.csproj", "{1D520325-6AE0-49D5-B45E-24718807BAE3}"
EndProject
Project("{FAE04EC0-301F-11D3-BF4B-00C04F79EFBC}") = "NetFxMock", "NetFxMock\NetFxMock.csproj", "{A1A544F4-DA8C-410F-9974-AE69525FD529}"
EndProject
Global
	GlobalSection(SolutionConfigurationPlatforms) = preSolution
		Debug|Any CPU = Debug|Any CPU
		Release|Any CPU = Release|Any CPU
	EndGlobalSection
	GlobalSection(ProjectConfigurationPlatforms) = postSolution
		{1D520325-6AE0-49D5-B45E-24718807BAE3}.Debug|Any CPU.ActiveCfg = Debug|Any CPU
		{1D520325-6AE0-49D5-B45E-24718807BAE3}.Debug|Any CPU.Build.0 = Debug|Any CPU
		{1D520325-6AE0-49D5-B45E-24718807BAE3}.Release|Any CPU.ActiveCfg = Release|Any CPU
		{1D520325-6AE0-49D5-B45E-24718807BAE3}.Release|Any CPU.Build.0 = Release|Any CPU
		{A1A544F4-DA8C-410F-9974-AE69525FD529}.Debug|Any CPU.ActiveCfg = Debug|Any CPU
		{A1A544F4-DA8C-410F-9974-AE69525FD529}.Debug|Any CPU.Build.0 = Debug|Any CPU
		{A1A544F4-DA8C-410F-9974-AE69525FD529}.Release|Any CPU.ActiveCfg = Release|Any CPU
		{A1A544F4-DA8C-410F-9974-AE69525FD529}.Release|Any CPU.Build.0 = Release|Any CPU
	EndGlobalSection
	GlobalSection(SolutionProperties) = preSolution
		HideSolutionNode = FALSE
	EndGlobalSection
EndGlobal
