<?xml version="1.0" encoding="utf-8"?>
<Project ToolsVersion="4.0" xmlns="http://schemas.microsoft.com/developer/msbuild/2003">
  <ItemGroup>
    <Filter Include="Source Files">
      <UniqueIdentifier>{a454429b-adcd-4c64-9122-eb5425db6980}</UniqueIdentifier>
    </Filter>
    <Filter Include="Generated Files">
      <UniqueIdentifier>{76edfe1b-5079-4856-82b1-6430b6d78a7f}</UniqueIdentifier>
      <SourceControlFiles>False</SourceControlFiles>
    </Filter>
  </ItemGroup>
  <ItemGroup>
    <None Include="NetFxMockProfilerps.def" />
  </ItemGroup>
  <ItemGroup>
    <ClCompile Include="NetFxMockProfiler_i.c">
      <Filter>Generated Files</Filter>
    </ClCompile>
    <ClCompile Include="NetFxMockProfiler_p.c">
      <Filter>Generated Files</Filter>
    </ClCompile>
    <ClCompile Include="dlldata.c">
      <Filter>Generated Files</Filter>
    </ClCompile>
  </ItemGroup>
</Project>